
Microsoft Visual Studio Solution File, Format Version 12.00
# Visual Studio Version 17
VisualStudioVersion = 17.4.33213.308
MinimumVisualStudioVersion = 10.0.40219.1
Project("{9A19103F-16F7-4668-BE54-9A1E7A4F7556}") = "CurrencyEnum_Indexer", "CurrencyEnum_Indexer.csproj", "{A0B800C6-C4A4-4871-9A7E-43E70FA64DD6}"
EndProject
Project("{9A19103F-16F7-4668-BE54-9A1E7A4F7556}") = "Indexer", "..\Indexer\Indexer.csproj", "{F5EC268F-1735-4A97-8A06-F0AF6DA71984}"
	ProjectSection(ProjectDependencies) = postProject
		{A0B800C6-C4A4-4871-9A7E-43E70FA64DD6} = {A0B800C6-C4A4-4871-9A7E-43E70FA64DD6}
	EndProjectSection
EndProject
Global
	GlobalSection(SolutionConfigurationPlatforms) = preSolution
		Debug|Any CPU = Debug|Any CPU
		Release|Any CPU = Release|Any CPU
	EndGlobalSection
	GlobalSection(ProjectConfigurationPlatforms) = postSolution
		{A0B800C6-C4A4-4871-9A7E-43E70FA64DD6}.Debug|Any CPU.ActiveCfg = Debug|Any CPU
		{A0B800C6-C4A4-4871-9A7E-43E70FA64DD6}.Debug|Any CPU.Build.0 = Debug|Any CPU
		{A0B800C6-C4A4-4871-9A7E-43E70FA64DD6}.Release|Any CPU.ActiveCfg = Release|Any CPU
		{A0B800C6-C4A4-4871-9A7E-43E70FA64DD6}.Release|Any CPU.Build.0 = Release|Any CPU
		{F5EC268F-1735-4A97-8A06-F0AF6DA71984}.Debug|Any CPU.ActiveCfg = Debug|Any CPU
		{F5EC268F-1735-4A97-8A06-F0AF6DA71984}.Debug|Any CPU.Build.0 = Debug|Any CPU
		{F5EC268F-1735-4A97-8A06-F0AF6DA71984}.Release|Any CPU.ActiveCfg = Release|Any CPU
		{F5EC268F-1735-4A97-8A06-F0AF6DA71984}.Release|Any CPU.Build.0 = Release|Any CPU
	EndGlobalSection
	GlobalSection(SolutionProperties) = preSolution
		HideSolutionNode = FALSE
	EndGlobalSection
	GlobalSection(ExtensibilityGlobals) = postSolution
		SolutionGuid = {53E4B642-BBA6-4DCC-B863-190CE53FBFDC}
	EndGlobalSection
EndGlobal
